
Microsoft Visual Studio Solution File, Format Version 12.00
# Visual Studio Version 16
VisualStudioVersion = 16.0.31129.286
MinimumVisualStudioVersion = 10.0.40219.1
Project("{FAE04EC0-301F-11D3-BF4B-00C04F79EFBC}") = "Star Wars API", "Star Wars API\Star Wars API.csproj", "{A9E2A094-5B29-47EF-9DB4-EC76D25BFFB1}"
EndProject
Global
	GlobalSection(SolutionConfigurationPlatforms) = preSolution
		Debug|Any CPU = Debug|Any CPU
		Release|Any CPU = Release|Any CPU
	EndGlobalSection
	GlobalSection(ProjectConfigurationPlatforms) = postSolution
		{A9E2A094-5B29-47EF-9DB4-EC76D25BFFB1}.Debug|Any CPU.ActiveCfg = Debug|Any CPU
		{A9E2A094-5B29-47EF-9DB4-EC76D25BFFB1}.Debug|Any CPU.Build.0 = Debug|Any CPU
		{A9E2A094-5B29-47EF-9DB4-EC76D25BFFB1}.Release|Any CPU.ActiveCfg = Release|Any CPU
		{A9E2A094-5B29-47EF-9DB4-EC76D25BFFB1}.Release|Any CPU.Build.0 = Release|Any CPU
	EndGlobalSection
	GlobalSection(SolutionProperties) = preSolution
		HideSolutionNode = FALSE
	EndGlobalSection
	GlobalSection(ExtensibilityGlobals) = postSolution
		SolutionGuid = {EEBCA454-7462-48AC-A7BC-146F142DF6B8}
	EndGlobalSection
EndGlobal
